
Microsoft Visual Studio Solution File, Format Version 12.00
Project("{F2A71F9B-5D33-465A-A702-920D77279786}") = "ApocalypseForge2", "ApocalypseForge2\ApocalypseForge2.fsproj", "{F807D88C-5A6C-4EBF-AE60-09303367ED75}"
EndProject
Global
	GlobalSection(SolutionConfigurationPlatforms) = preSolution
		Debug|Any CPU = Debug|Any CPU
		Release|Any CPU = Release|Any CPU
	EndGlobalSection
	GlobalSection(ProjectConfigurationPlatforms) = postSolution
		{F807D88C-5A6C-4EBF-AE60-09303367ED75}.Debug|Any CPU.ActiveCfg = Debug|Any CPU
		{F807D88C-5A6C-4EBF-AE60-09303367ED75}.Debug|Any CPU.Build.0 = Debug|Any CPU
		{F807D88C-5A6C-4EBF-AE60-09303367ED75}.Release|Any CPU.ActiveCfg = Release|Any CPU
		{F807D88C-5A6C-4EBF-AE60-09303367ED75}.Release|Any CPU.Build.0 = Release|Any CPU
	EndGlobalSection
EndGlobal
